
Microsoft Visual Studio Solution File, Format Version 12.00
# Visual Studio Version 16
VisualStudioVersion = 16.0.29306.81
MinimumVisualStudioVersion = 10.0.40219.1
Project("{FAE04EC0-301F-11D3-BF4B-00C04F79EFBC}") = "Seminar1409", "Seminar1409\Seminar1409.csproj", "{8D266707-61BB-4EB9-9CA5-CE776B7AC7BB}"
EndProject
Global
	GlobalSection(SolutionConfigurationPlatforms) = preSolution
		Debug|Any CPU = Debug|Any CPU
		Release|Any CPU = Release|Any CPU
	EndGlobalSection
	GlobalSection(ProjectConfigurationPlatforms) = postSolution
		{8D266707-61BB-4EB9-9CA5-CE776B7AC7BB}.Debug|Any CPU.ActiveCfg = Debug|Any CPU
		{8D266707-61BB-4EB9-9CA5-CE776B7AC7BB}.Debug|Any CPU.Build.0 = Debug|Any CPU
		{8D266707-61BB-4EB9-9CA5-CE776B7AC7BB}.Release|Any CPU.ActiveCfg = Release|Any CPU
		{8D266707-61BB-4EB9-9CA5-CE776B7AC7BB}.Release|Any CPU.Build.0 = Release|Any CPU
	EndGlobalSection
	GlobalSection(SolutionProperties) = preSolution
		HideSolutionNode = FALSE
	EndGlobalSection
	GlobalSection(ExtensibilityGlobals) = postSolution
		SolutionGuid = {547EB994-DF59-4AC5-A16C-33BBA760879E}
	EndGlobalSection
EndGlobal
